
Microsoft Visual Studio Solution File, Format Version 12.00
# Visual Studio Version 17
VisualStudioVersion = 17.14.36203.30
MinimumVisualStudioVersion = 10.0.40219.1
Project("{FAE04EC0-301F-11D3-BF4B-00C04F79EFBC}") = "proyectoFinal", "proyectoFinal\proyectoFinal.csproj", "{1016BB84-EBF7-4D00-B979-A5230E2893DF}"
EndProject
Global
	GlobalSection(SolutionConfigurationPlatforms) = preSolution
		Debug|Any CPU = Debug|Any CPU
		Release|Any CPU = Release|Any CPU
	EndGlobalSection
	GlobalSection(ProjectConfigurationPlatforms) = postSolution
		{1016BB84-EBF7-4D00-B979-A5230E2893DF}.Debug|Any CPU.ActiveCfg = Debug|Any CPU
		{1016BB84-EBF7-4D00-B979-A5230E2893DF}.Debug|Any CPU.Build.0 = Debug|Any CPU
		{1016BB84-EBF7-4D00-B979-A5230E2893DF}.Release|Any CPU.ActiveCfg = Release|Any CPU
		{1016BB84-EBF7-4D00-B979-A5230E2893DF}.Release|Any CPU.Build.0 = Release|Any CPU
	EndGlobalSection
	GlobalSection(SolutionProperties) = preSolution
		HideSolutionNode = FALSE
	EndGlobalSection
	GlobalSection(ExtensibilityGlobals) = postSolution
		SolutionGuid = {EA669811-19F5-4BAF-87F7-A5470CA1E8A8}
	EndGlobalSection
EndGlobal
